{
	"name": "@printf83/ts-tag",
	"version": "0.0.1",
	"lockfileVersion": 2,
	"requires": true,
	"packages": {
		"": {
			"name": "@printf83/ts-tag",
			"version": "0.0.1",
			"license": "MIT",
			"dependencies": {
				"@printf83/ts-tag": "^0.0.1"
			},
			"devDependencies": {
				"@printf83/ts-tag": "^0.0.1",
				"@types/node": "^20.8.2",
				"typescript": "^5.2.2"
			}
		},
		"node_modules/@printf83/ts-tag": {
			"version": "0.0.1",
			"resolved": "https://registry.npmjs.org/@printf83/ts-tag/-/ts-tag-0.0.1.tgz",
			"integrity": "sha512-SaAR9mtTBPZ9lBcztrntxSWAU/N2XxnywA2pFa7xaGSzao4fTvQIiC4m3Wx/Yt9C4cKpYVAqeCfAOCBAnlfbPA==",
			"dev": true
		},
		"node_modules/@types/node": {
			"version": "20.8.2",
			"resolved": "https://registry.npmjs.org/@types/node/-/node-20.8.2.tgz",
			"integrity": "sha512-Vvycsc9FQdwhxE3y3DzeIxuEJbWGDsnrxvMADzTDF/lcdR9/K+AQIeAghTQsHtotg/q0j3WEOYS/jQgSdWue3w==",
			"dev": true
		},
		"node_modules/typescript": {
			"version": "5.2.2",
			"resolved": "https://registry.npmjs.org/typescript/-/typescript-5.2.2.tgz",
			"integrity": "sha512-mI4WrpHsbCIcwT9cF4FZvr80QUeKvsUsUvKDoR+X/7XHQH98xYD8YHZg7ANtz2GtZt/CBq2QJ0thkGJMHfqc1w==",
			"dev": true,
			"bin": {
				"tsc": "bin/tsc",
				"tsserver": "bin/tsserver"
			},
			"engines": {
				"node": ">=14.17"
			}
		}
	},
	"dependencies": {
		"@printf83/ts-tag": {
			"version": "0.0.1",
			"resolved": "https://registry.npmjs.org/@printf83/ts-tag/-/ts-tag-0.0.1.tgz",
			"integrity": "sha512-SaAR9mtTBPZ9lBcztrntxSWAU/N2XxnywA2pFa7xaGSzao4fTvQIiC4m3Wx/Yt9C4cKpYVAqeCfAOCBAnlfbPA==",
			"dev": true
		},
		"@types/node": {
			"version": "20.8.2",
			"resolved": "https://registry.npmjs.org/@types/node/-/node-20.8.2.tgz",
			"integrity": "sha512-Vvycsc9FQdwhxE3y3DzeIxuEJbWGDsnrxvMADzTDF/lcdR9/K+AQIeAghTQsHtotg/q0j3WEOYS/jQgSdWue3w==",
			"dev": true
		},
		"typescript": {
			"version": "5.2.2",
			"resolved": "https://registry.npmjs.org/typescript/-/typescript-5.2.2.tgz",
			"integrity": "sha512-mI4WrpHsbCIcwT9cF4FZvr80QUeKvsUsUvKDoR+X/7XHQH98xYD8YHZg7ANtz2GtZt/CBq2QJ0thkGJMHfqc1w==",
			"dev": true
		}
	}
}
